
Microsoft Visual Studio Solution File, Format Version 12.00
# Visual Studio Version 16
VisualStudioVersion = 16.0.31129.286
MinimumVisualStudioVersion = 10.0.40219.1
Project("{FAE04EC0-301F-11D3-BF4B-00C04F79EFBC}") = "Teach_echarts_kline", "Teach_echarts_kline\Teach_echarts_kline.csproj", "{22ACD76E-449E-4C55-965F-F178082DECD7}"
EndProject
Global
	GlobalSection(SolutionConfigurationPlatforms) = preSolution
		Debug|Any CPU = Debug|Any CPU
		Release|Any CPU = Release|Any CPU
	EndGlobalSection
	GlobalSection(ProjectConfigurationPlatforms) = postSolution
		{22ACD76E-449E-4C55-965F-F178082DECD7}.Debug|Any CPU.ActiveCfg = Debug|Any CPU
		{22ACD76E-449E-4C55-965F-F178082DECD7}.Debug|Any CPU.Build.0 = Debug|Any CPU
		{22ACD76E-449E-4C55-965F-F178082DECD7}.Release|Any CPU.ActiveCfg = Release|Any CPU
		{22ACD76E-449E-4C55-965F-F178082DECD7}.Release|Any CPU.Build.0 = Release|Any CPU
	EndGlobalSection
	GlobalSection(SolutionProperties) = preSolution
		HideSolutionNode = FALSE
	EndGlobalSection
	GlobalSection(ExtensibilityGlobals) = postSolution
		SolutionGuid = {33AC0A0B-DA52-4322-855C-5E0246AADA9E}
	EndGlobalSection
EndGlobal
